// !$*UTF8*$!
{
	archiveVersion = 1;
	classes = {
	};
	objectVersion = 50;
	objects = {

/* Begin PBXBuildFile section */
		1B756BEB236AC2100028E23D /* AppDelegate.swift in Sources */ = {isa = PBXBuildFile; fileRef = 1B756BEA236AC2100028E23D /* AppDelegate.swift */; };
		1B756BED236AC2100028E23D /* ViewController.swift in Sources */ = {isa = PBXBuildFile; fileRef = 1B756BEC236AC2100028E23D /* ViewController.swift */; };
		1B756BEF236AC2130028E23D /* Assets.xcassets in Resources */ = {isa = PBXBuildFile; fileRef = 1B756BEE236AC2130028E23D /* Assets.xcassets */; };
		1B756BF2236AC2130028E23D /* Main.storyboard in Resources */ = {isa = PBXBuildFile; fileRef = 1B756BF0236AC2130028E23D /* Main.storyboard */; };
		1B756BFB236AC2FB0028E23D /* V000.txt in Resources */ = {isa = PBXBuildFile; fileRef = 1B756BFA236AC2FB0028E23D /* V000.txt */; };
/* End PBXBuildFile section */

/* Begin PBXFileReference section */
		1B756BE7236AC2100028E23D /* CaltechConverter.app */ = {isa = PBXFileReference; explicitFileType = wrapper.application; includeInIndex = 0; path = CaltechConverter.app; sourceTree = BUILT_PRODUCTS_DIR; };
		1B756BEA236AC2100028E23D /* AppDelegate.swift */ = {isa = PBXFileReference; lastKnownFileType = sourcecode.swift; path = AppDelegate.swift; sourceTree = "<group>"; };
		1B756BEC236AC2100028E23D /* ViewController.swift */ = {isa = PBXFileReference; lastKnownFileType = sourcecode.swift; path = ViewController.swift; sourceTree = "<group>"; };
		1B756BEE236AC2130028E23D /* Assets.xcassets */ = {isa = PBXFileReference; lastKnownFileType = folder.assetcatalog; path = Assets.xcassets; sourceTree = "<group>"; };
		1B756BF1236AC2130028E23D /* Base */ = {isa = PBXFileReference; lastKnownFileType = file.storyboard; name = Base; path = Base.lproj/Main.storyboard; sourceTree = "<group>"; };
		1B756BF3236AC2130028E23D /* Info.plist */ = {isa = PBXFileReference; lastKnownFileType = text.plist.xml; path = Info.plist; sourceTree = "<group>"; };
		1B756BF4236AC2130028E23D /* CaltechConverter.entitlements */ = {isa = PBXFileReference; lastKnownFileType = text.plist.entitlements; path = CaltechConverter.entitlements; sourceTree = "<group>"; };
		1B756BFA236AC2FB0028E23D /* V000.txt */ = {isa = PBXFileReference; fileEncoding = 4; lastKnownFileType = text; path = V000.txt; sourceTree = "<group>"; };
/* End PBXFileReference section */

/* Begin PBXFrameworksBuildPhase section */
		1B756BE4236AC2100028E23D /* Frameworks */ = {
			isa = PBXFrameworksBuildPhase;
			buildActionMask = 2147483647;
			files = (
			);
			runOnlyForDeploymentPostprocessing = 0;
		};
/* End PBXFrameworksBuildPhase section */

/* Begin PBXGroup section */
		1B756BDE236AC2100028E23D = {
			isa = PBXGroup;
			children = (
				1B756BE9236AC2100028E23D /* CaltechConverter */,
				1B756BE8236AC2100028E23D /* Products */,
			);
			sourceTree = "<group>";
		};
		1B756BE8236AC2100028E23D /* Products */ = {
			isa = PBXGroup;
			children = (
				1B756BE7236AC2100028E23D /* CaltechConverter.app */,
			);
			name = Products;
			sourceTree = "<group>";
		};
		1B756BE9236AC2100028E23D /* CaltechConverter */ = {
			isa = PBXGroup;
			children = (
				1B756BEA236AC2100028E23D /* AppDelegate.swift */,
				1B756BEC236AC2100028E23D /* ViewController.swift */,
				1B756BEE236AC2130028E23D /* Assets.xcassets */,
				1B756BF0236AC2130028E23D /* Main.storyboard */,
				1B756BF3236AC2130028E23D /* Info.plist */,
				1B756BF4236AC2130028E23D /* CaltechConverter.entitlements */,
				1B756BFA236AC2FB0028E23D /* V000.txt */,
			);
			path = CaltechConverter;
			sourceTree = "<group>";
		};
/* End PBXGroup section */

/* Begin PBXNativeTarget section */
		1B756BE6236AC2100028E23D /* CaltechConverter */ = {
			isa = PBXNativeTarget;
			buildConfigurationList = 1B756BF7236AC2130028E23D /* Build configuration list for PBXNativeTarget "CaltechConverter" */;
			buildPhases = (
				1B756BE3236AC2100028E23D /* Sources */,
				1B756BE4236AC2100028E23D /* Frameworks */,
				1B756BE5236AC2100028E23D /* Resources */,
			);
			buildRules = (
			);
			dependencies = (
			);
			name = CaltechConverter;
			productName = CaltechConverter;
			productReference = 1B756BE7236AC2100028E23D /* CaltechConverter.app */;
			productType = "com.apple.product-type.application";
		};
/* End PBXNativeTarget section */

/* Begin PBXProject section */
		1B756BDF236AC2100028E23D /* Project object */ = {
			isa = PBXProject;
			attributes = {
				LastSwiftUpdateCheck = 1030;
				LastUpgradeCheck = 1030;
				ORGANIZATIONNAME = ProjectBit;
				TargetAttributes = {
					1B756BE6236AC2100028E23D = {
						CreatedOnToolsVersion = 10.3;
					};
				};
			};
			buildConfigurationList = 1B756BE2236AC2100028E23D /* Build configuration list for PBXProject "CaltechConverter" */;
			compatibilityVersion = "Xcode 9.3";
			developmentRegion = en;
			hasScannedForEncodings = 0;
			knownRegions = (
				en,
				Base,
			);
			mainGroup = 1B756BDE236AC2100028E23D;
			productRefGroup = 1B756BE8236AC2100028E23D /* Products */;
			projectDirPath = "";
			projectRoot = "";
			targets = (
				1B756BE6236AC2100028E23D /* CaltechConverter */,
			);
		};
/* End PBXProject section */

/* Begin PBXResourcesBuildPhase section */
		1B756BE5236AC2100028E23D /* Resources */ = {
			isa = PBXResourcesBuildPhase;
			buildActionMask = 2147483647;
			files = (
				1B756BEF236AC2130028E23D /* Assets.xcassets in Resources */,
				1B756BF2236AC2130028E23D /* Main.storyboard in Resources */,
				1B756BFB236AC2FB0028E23D /* V000.txt in Resources */,
			);
			runOnlyForDeploymentPostprocessing = 0;
		};
/* End PBXResourcesBuildPhase section */

/* Begin PBXSourcesBuildPhase section */
		1B756BE3236AC2100028E23D /* Sources */ = {
			isa = PBXSourcesBuildPhase;
			buildActionMask = 2147483647;
			files = (
				1B756BED236AC2100028E23D /* ViewController.swift in Sources */,
				1B756BEB236AC2100028E23D /* AppDelegate.swift in Sources */,
			);
			runOnlyForDeploymentPostprocessing = 0;
		};
/* End PBXSourcesBuildPhase section */

/* Begin PBXVariantGroup section */
		1B756BF0236AC2130028E23D /* Main.storyboard */ = {
			isa = PBXVariantGroup;
			children = (
				1B756BF1236AC2130028E23D /* Base */,
			);
			name = Main.storyboard;
			sourceTree = "<group>";
		};
/* End PBXVariantGroup section */

/* Begin XCBuildConfiguration section */
		1B756BF5236AC2130028E23D /* Debug */ = {
			isa = XCBuildConfiguration;
			buildSettings = {
				ALWAYS_SEARCH_USER_PATHS = NO;
				CLANG_ANALYZER_NONNULL = YES;
				CLANG_ANALYZER_NUMBER_OBJECT_CONVERSION = YES_AGGRESSIVE;
				CLANG_CXX_LANGUAGE_STANDARD = "gnu++14";
				CLANG_CXX_LIBRARY = "libc++";
				CLANG_ENABLE_MODULES = YES;
				CLANG_ENABLE_OBJC_ARC = YES;
				CLANG_ENABLE_OBJC_WEAK = YES;
				CLANG_WARN_BLOCK_CAPTURE_AUTORELEASING = YES;
				CLANG_WARN_BOOL_CONVERSION = YES;
				CLANG_WARN_COMMA = YES;
				CLANG_WARN_CONSTANT_CONVERSION = YES;
				CLANG_WARN_DEPRECATED_OBJC_IMPLEMENTATIONS = YES;
				CLANG_WARN_DIRECT_OBJC_ISA_USAGE = YES_ERROR;
				CLANG_WARN_DOCUMENTATION_COMMENTS = YES;
				CLANG_WARN_EMPTY_BODY = YES;
				CLANG_WARN_ENUM_CONVERSION = YES;
				CLANG_WARN_INFINITE_RECURSION = YES;
				CLANG_WARN_INT_CONVERSION = YES;
				CLANG_WARN_NON_LITERAL_NULL_CONVERSION = YES;
				CLANG_WARN_OBJC_IMPLICIT_RETAIN_SELF = YES;
				CLANG_WARN_OBJC_LITERAL_CONVERSION = YES;
				CLANG_WARN_OBJC_ROOT_CLASS = YES_ERROR;
				CLANG_WARN_RANGE_LOOP_ANALYSIS = YES;
				CLANG_WARN_STRICT_PROTOTYPES = YES;
				CLANG_WARN_SUSPICIOUS_MOVE = YES;
				CLANG_WARN_UNGUARDED_AVAILABILITY = YES_AGGRESSIVE;
				CLANG_WARN_UNREACHABLE_CODE = YES;
				CLANG_WARN__DUPLICATE_METHOD_MATCH = YES;
				CODE_SIGN_IDENTITY = "Mac Developer";
				COPY_PHASE_STRIP = NO;
				DEBUG_INFORMATION_FORMAT = dwarf;
				ENABLE_STRICT_OBJC_MSGSEND = YES;
				ENABLE_TESTABILITY = YES;
				GCC_C_LANGUAGE_STANDARD = gnu11;
				GCC_DYNAMIC_NO_PIC = NO;
				GCC_NO_COMMON_BLOCKS = YES;
				GCC_OPTIMIZATION_LEVEL = 0;
				GCC_PREPROCESSOR_DEFINITIONS = (
					"DEBUG=1",
					"$(inherited)",
				);
				GCC_WARN_64_TO_32_BIT_CONVERSION = YES;
				GCC_WARN_ABOUT_RETURN_TYPE = YES_ERROR;
				GCC_WARN_UNDECLARED_SELECTOR = YES;
				GCC_WARN_UNINITIALIZED_AUTOS = YES_AGGRESSIVE;
				GCC_WARN_UNUSED_FUNCTION = YES;
				GCC_WARN_UNUSED_VARIABLE = YES;
				MACOSX_DEPLOYMENT_TARGET = 10.15;
				MTL_ENABLE_DEBUG_INFO = INCLUDE_SOURCE;
				MTL_FAST_MATH = YES;
				ONLY_ACTIVE_ARCH = YES;
				SDKROOT = macosx;
				SWIFT_ACTIVE_COMPILATION_CONDITIONS = DEBUG;
				SWIFT_OPTIMIZATION_LEVEL = "-Onone";
			};
			name = Debug;
		};
		1B756BF6236AC2130028E23D /* Release */ = {
			isa = XCBuildConfiguration;
			buildSettings = {
				ALWAYS_SEARCH_USER_PATHS = NO;
				CLANG_ANALYZER_NONNULL = YES;
				CLANG_ANALYZER_NUMBER_OBJECT_CONVERSION = YES_AGGRESSIVE;
				CLANG_CXX_LANGUAGE_STANDARD = "gnu++14";
				CLANG_CXX_LIBRARY = "libc++";
				CLANG_ENABLE_MODULES = YES;
				CLANG_ENABLE_OBJC_ARC = YES;
				CLANG_ENABLE_OBJC_WEAK = YES;
				CLANG_WARN_BLOCK_CAPTURE_AUTORELEASING = YES;
				CLANG_WARN_BOOL_CONVERSION = YES;
				CLANG_WARN_COMMA = YES;
				CLANG_WARN_CONSTANT_CONVERSION = YES;
				CLANG_WARN_DEPRECATED_OBJC_IMPLEMENTATIONS = YES;
				CLANG_WARN_DIRECT_OBJC_ISA_USAGE = YES_ERROR;
				CLANG_WARN_DOCUMENTATION_COMMENTS = YES;
				CLANG_WARN_EMPTY_BODY = YES;
				CLANG_WARN_ENUM_CONVERSION = YES;
				CLANG_WARN_INFINITE_RECURSION = YES;
				CLANG_WARN_INT_CONVERSION = YES;
				CLANG_WARN_NON_LITERAL_NULL_CONVERSION = YES;
				CLANG_WARN_OBJC_IMPLICIT_RETAIN_SELF = YES;
				CLANG_WARN_OBJC_LITERAL_CONVERSION = YES;
				CLANG_WARN_OBJC_ROOT_CLASS = YES_ERROR;
				CLANG_WARN_RANGE_LOOP_ANALYSIS = YES;
				CLANG_WARN_STRICT_PROTOTYPES = YES;
				CLANG_WARN_SUSPICIOUS_MOVE = YES;
				CLANG_WARN_UNGUARDED_AVAILABILITY = YES_AGGRESSIVE;
				CLANG_WARN_UNREACHABLE_CODE = YES;
				CLANG_WARN__DUPLICATE_METHOD_MATCH = YES;
				CODE_SIGN_IDENTITY = "Mac Developer";
				COPY_PHASE_STRIP = NO;
				DEBUG_INFORMATION_FORMAT = "dwarf-with-dsym";
				ENABLE_NS_ASSERTIONS = NO;
				ENABLE_STRICT_OBJC_MSGSEND = YES;
				GCC_C_LANGUAGE_STANDARD = gnu11;
				GCC_NO_COMMON_BLOCKS = YES;
				GCC_WARN_64_TO_32_BIT_CONVERSION = YES;
				GCC_WARN_ABOUT_RETURN_TYPE = YES_ERROR;
				GCC_WARN_UNDECLARED_SELECTOR = YES;
				GCC_WARN_UNINITIALIZED_AUTOS = YES_AGGRESSIVE;
				GCC_WARN_UNUSED_FUNCTION = YES;
				GCC_WARN_UNUSED_VARIABLE = YES;
				MACOSX_DEPLOYMENT_TARGET = 10.15;
				MTL_ENABLE_DEBUG_INFO = NO;
				MTL_FAST_MATH = YES;
				SDKROOT = macosx;
				SWIFT_COMPILATION_MODE = wholemodule;
				SWIFT_OPTIMIZATION_LEVEL = "-O";
			};
			name = Release;
		};
		1B756BF8236AC2130028E23D /* Debug */ = {
			isa = XCBuildConfiguration;
			buildSettings = {
				ASSETCATALOG_COMPILER_APPICON_NAME = AppIcon;
				CODE_SIGN_ENTITLEMENTS = CaltechConverter/CaltechConverter.entitlements;
				CODE_SIGN_STYLE = Automatic;
				COMBINE_HIDPI_IMAGES = YES;
				DEVELOPMENT_TEAM = M856CPA477;
				INFOPLIST_FILE = CaltechConverter/Info.plist;
				LD_RUNPATH_SEARCH_PATHS = (
					"$(inherited)",
					"@executable_path/../Frameworks",
				);
				PRODUCT_BUNDLE_IDENTIFIER = ProjectBit.CaltechConverter;
				PRODUCT_NAME = "$(TARGET_NAME)";
				SWIFT_VERSION = 5.0;
			};
			name = Debug;
		};
		1B756BF9236AC2130028E23D /* Release */ = {
			isa = XCBuildConfiguration;
			buildSettings = {
				ASSETCATALOG_COMPILER_APPICON_NAME = AppIcon;
				CODE_SIGN_ENTITLEMENTS = CaltechConverter/CaltechConverter.entitlements;
				CODE_SIGN_STYLE = Automatic;
				COMBINE_HIDPI_IMAGES = YES;
				DEVELOPMENT_TEAM = M856CPA477;
				INFOPLIST_FILE = CaltechConverter/Info.plist;
				LD_RUNPATH_SEARCH_PATHS = (
					"$(inherited)",
					"@executable_path/../Frameworks",
				);
				PRODUCT_BUNDLE_IDENTIFIER = ProjectBit.CaltechConverter;
				PRODUCT_NAME = "$(TARGET_NAME)";
				SWIFT_VERSION = 5.0;
			};
			name = Release;
		};
/* End XCBuildConfiguration section */

/* Begin XCConfigurationList section */
		1B756BE2236AC2100028E23D /* Build configuration list for PBXProject "CaltechConverter" */ = {
			isa = XCConfigurationList;
			buildConfigurations = (
				1B756BF5236AC2130028E23D /* Debug */,
				1B756BF6236AC2130028E23D /* Release */,
			);
			defaultConfigurationIsVisible = 0;
			defaultConfigurationName = Release;
		};
		1B756BF7236AC2130028E23D /* Build configuration list for PBXNativeTarget "CaltechConverter" */ = {
			isa = XCConfigurationList;
			buildConfigurations = (
				1B756BF8236AC2130028E23D /* Debug */,
				1B756BF9236AC2130028E23D /* Release */,
			);
			defaultConfigurationIsVisible = 0;
			defaultConfigurationName = Release;
		};
/* End XCConfigurationList section */
	};
	rootObject = 1B756BDF236AC2100028E23D /* Project object */;
}
